
Microsoft Visual Studio Solution File, Format Version 12.00
# Visual Studio Version 16
VisualStudioVersion = 16.0.31729.503
MinimumVisualStudioVersion = 10.0.40219.1
Project("{9A19103F-16F7-4668-BE54-9A1E7A4F7556}") = "FashionNova.WebAPI", "FashionNova\FashionNova.WebAPI.csproj", "{8B9149D0-8518-4EAF-A76B-D540208398E2}"
EndProject
Project("{9A19103F-16F7-4668-BE54-9A1E7A4F7556}") = "FashionNova.Model", "FashionNova.Model\FashionNova.Model.csproj", "{BCCEF4AC-0700-4180-A787-E823292AB6E4}"
EndProject
Project("{2150E333-8FDC-42A3-9474-1A3956D46DE8}") = "UI", "UI", "{359A66C1-D5D1-4889-8740-182C2C908785}"
EndProject
Project("{9A19103F-16F7-4668-BE54-9A1E7A4F7556}") = "FashionNova.WinUI", "FashionNovaWinUI\FashionNova.WinUI.csproj", "{C89E7FED-D528-48EF-B4DE-1AF839BEE5D3}"
EndProject
Project("{2150E333-8FDC-42A3-9474-1A3956D46DE8}") = "Mobile", "Mobile", "{467CC70E-44BB-4325-AF1E-1B703D92D823}"
EndProject
Project("{FAE04EC0-301F-11D3-BF4B-00C04F79EFBC}") = "FashionNova.Mobile.UWP", "FashionNova.Mobile\FashionNova.Mobile.UWP\FashionNova.Mobile.UWP.csproj", "{25BD2DBE-5A27-4BFA-8A36-EDC627FC2983}"
EndProject
Project("{FAE04EC0-301F-11D3-BF4B-00C04F79EFBC}") = "FashionNova.Mobile.Android", "FashionNova.Mobile\FashionNova.Mobile.Android\FashionNova.Mobile.Android.csproj", "{2BF5027E-79B3-4E65-AB8B-2029FBF15712}"
EndProject
Project("{FAE04EC0-301F-11D3-BF4B-00C04F79EFBC}") = "FashionNova.Mobile.iOS", "FashionNova.Mobile\FashionNova.Mobile.iOS\FashionNova.Mobile.iOS.csproj", "{035657CD-51BF-4761-BEB3-FE7A5B2D8656}"
EndProject
Project("{9A19103F-16F7-4668-BE54-9A1E7A4F7556}") = "FashionNova.Mobile", "FashionNova.Mobile\FashionNova.Mobile\FashionNova.Mobile.csproj", "{629E0536-A927-42E5-A6F9-8092F5F86E50}"
EndProject
Global
	GlobalSection(SolutionConfigurationPlatforms) = preSolution
		Debug|Any CPU = Debug|Any CPU
		Debug|ARM = Debug|ARM
		Debug|iPhone = Debug|iPhone
		Debug|iPhoneSimulator = Debug|iPhoneSimulator
		Debug|x64 = Debug|x64
		Debug|x86 = Debug|x86
		Release|Any CPU = Release|Any CPU
		Release|ARM = Release|ARM
		Release|iPhone = Release|iPhone
		Release|iPhoneSimulator = Release|iPhoneSimulator
		Release|x64 = Release|x64
		Release|x86 = Release|x86
	EndGlobalSection
	GlobalSection(ProjectConfigurationPlatforms) = postSolution
		{8B9149D0-8518-4EAF-A76B-D540208398E2}.Debug|Any CPU.ActiveCfg = Debug|Any CPU
		{8B9149D0-8518-4EAF-A76B-D540208398E2}.Debug|Any CPU.Build.0 = Debug|Any CPU
		{8B9149D0-8518-4EAF-A76B-D540208398E2}.Debug|ARM.ActiveCfg = Debug|Any CPU
		{8B9149D0-8518-4EAF-A76B-D540208398E2}.Debug|ARM.Build.0 = Debug|Any CPU
		{8B9149D0-8518-4EAF-A76B-D540208398E2}.Debug|iPhone.ActiveCfg = Debug|Any CPU
		{8B9149D0-8518-4EAF-A76B-D540208398E2}.Debug|iPhone.Build.0 = Debug|Any CPU
		{8B9149D0-8518-4EAF-A76B-D540208398E2}.Debug|iPhoneSimulator.ActiveCfg = Debug|Any CPU
		{8B9149D0-8518-4EAF-A76B-D540208398E2}.Debug|iPhoneSimulator.Build.0 = Debug|Any CPU
		{8B9149D0-8518-4EAF-A76B-D540208398E2}.Debug|x64.ActiveCfg = Debug|Any CPU
		{8B9149D0-8518-4EAF-A76B-D540208398E2}.Debug|x64.Build.0 = Debug|Any CPU
		{8B9149D0-8518-4EAF-A76B-D540208398E2}.Debug|x86.ActiveCfg = Debug|Any CPU
		{8B9149D0-8518-4EAF-A76B-D540208398E2}.Debug|x86.Build.0 = Debug|Any CPU
		{8B9149D0-8518-4EAF-A76B-D540208398E2}.Release|Any CPU.ActiveCfg = Release|Any CPU
		{8B9149D0-8518-4EAF-A76B-D540208398E2}.Release|Any CPU.Build.0 = Release|Any CPU
		{8B9149D0-8518-4EAF-A76B-D540208398E2}.Release|ARM.ActiveCfg = Release|Any CPU
		{8B9149D0-8518-4EAF-A76B-D540208398E2}.Release|ARM.Build.0 = Release|Any CPU
		{8B9149D0-8518-4EAF-A76B-D540208398E2}.Release|iPhone.ActiveCfg = Release|Any CPU
		{8B9149D0-8518-4EAF-A76B-D540208398E2}.Release|iPhone.Build.0 = Release|Any CPU
		{8B9149D0-8518-4EAF-A76B-D540208398E2}.Release|iPhoneSimulator.ActiveCfg = Release|Any CPU
		{8B9149D0-8518-4EAF-A76B-D540208398E2}.Release|iPhoneSimulator.Build.0 = Release|Any CPU
		{8B9149D0-8518-4EAF-A76B-D540208398E2}.Release|x64.ActiveCfg = Release|Any CPU
		{8B9149D0-8518-4EAF-A76B-D540208398E2}.Release|x64.Build.0 = Release|Any CPU
		{8B9149D0-8518-4EAF-A76B-D540208398E2}.Release|x86.ActiveCfg = Release|Any CPU
		{8B9149D0-8518-4EAF-A76B-D540208398E2}.Release|x86.Build.0 = Release|Any CPU
		{BCCEF4AC-0700-4180-A787-E823292AB6E4}.Debug|Any CPU.ActiveCfg = Debug|Any CPU
		{BCCEF4AC-0700-4180-A787-E823292AB6E4}.Debug|Any CPU.Build.0 = Debug|Any CPU
		{BCCEF4AC-0700-4180-A787-E823292AB6E4}.Debug|ARM.ActiveCfg = Debug|Any CPU
		{BCCEF4AC-0700-4180-A787-E823292AB6E4}.Debug|ARM.Build.0 = Debug|Any CPU
		{BCCEF4AC-0700-4180-A787-E823292AB6E4}.Debug|iPhone.ActiveCfg = Debug|Any CPU
		{BCCEF4AC-0700-4180-A787-E823292AB6E4}.Debug|iPhone.Build.0 = Debug|Any CPU
		{BCCEF4AC-0700-4180-A787-E823292AB6E4}.Debug|iPhoneSimulator.ActiveCfg = Debug|Any CPU
		{BCCEF4AC-0700-4180-A787-E823292AB6E4}.Debug|iPhoneSimulator.Build.0 = Debug|Any CPU
		{BCCEF4AC-0700-4180-A787-E823292AB6E4}.Debug|x64.ActiveCfg = Debug|Any CPU
		{BCCEF4AC-0700-4180-A787-E823292AB6E4}.Debug|x64.Build.0 = Debug|Any CPU
		{BCCEF4AC-0700-4180-A787-E823292AB6E4}.Debug|x86.ActiveCfg = Debug|Any CPU
		{BCCEF4AC-0700-4180-A787-E823292AB6E4}.Debug|x86.Build.0 = Debug|Any CPU
		{BCCEF4AC-0700-4180-A787-E823292AB6E4}.Release|Any CPU.ActiveCfg = Release|Any CPU
		{BCCEF4AC-0700-4180-A787-E823292AB6E4}.Release|Any CPU.Build.0 = Release|Any CPU
		{BCCEF4AC-0700-4180-A787-E823292AB6E4}.Release|ARM.ActiveCfg = Release|Any CPU
		{BCCEF4AC-0700-4180-A787-E823292AB6E4}.Release|ARM.Build.0 = Release|Any CPU
		{BCCEF4AC-0700-4180-A787-E823292AB6E4}.Release|iPhone.ActiveCfg = Release|Any CPU
		{BCCEF4AC-0700-4180-A787-E823292AB6E4}.Release|iPhone.Build.0 = Release|Any CPU
		{BCCEF4AC-0700-4180-A787-E823292AB6E4}.Release|iPhoneSimulator.ActiveCfg = Release|Any CPU
		{BCCEF4AC-0700-4180-A787-E823292AB6E4}.Release|iPhoneSimulator.Build.0 = Release|Any CPU
		{BCCEF4AC-0700-4180-A787-E823292AB6E4}.Release|x64.ActiveCfg = Release|Any CPU
		{BCCEF4AC-0700-4180-A787-E823292AB6E4}.Release|x64.Build.0 = Release|Any CPU
		{BCCEF4AC-0700-4180-A787-E823292AB6E4}.Release|x86.ActiveCfg = Release|Any CPU
		{BCCEF4AC-0700-4180-A787-E823292AB6E4}.Release|x86.Build.0 = Release|Any CPU
		{C89E7FED-D528-48EF-B4DE-1AF839BEE5D3}.Debug|Any CPU.ActiveCfg = Debug|Any CPU
		{C89E7FED-D528-48EF-B4DE-1AF839BEE5D3}.Debug|Any CPU.Build.0 = Debug|Any CPU
		{C89E7FED-D528-48EF-B4DE-1AF839BEE5D3}.Debug|ARM.ActiveCfg = Debug|Any CPU
		{C89E7FED-D528-48EF-B4DE-1AF839BEE5D3}.Debug|ARM.Build.0 = Debug|Any CPU
		{C89E7FED-D528-48EF-B4DE-1AF839BEE5D3}.Debug|iPhone.ActiveCfg = Debug|Any CPU
		{C89E7FED-D528-48EF-B4DE-1AF839BEE5D3}.Debug|iPhone.Build.0 = Debug|Any CPU
		{C89E7FED-D528-48EF-B4DE-1AF839BEE5D3}.Debug|iPhoneSimulator.ActiveCfg = Debug|Any CPU
		{C89E7FED-D528-48EF-B4DE-1AF839BEE5D3}.Debug|iPhoneSimulator.Build.0 = Debug|Any CPU
		{C89E7FED-D528-48EF-B4DE-1AF839BEE5D3}.Debug|x64.ActiveCfg = Debug|Any CPU
		{C89E7FED-D528-48EF-B4DE-1AF839BEE5D3}.Debug|x64.Build.0 = Debug|Any CPU
		{C89E7FED-D528-48EF-B4DE-1AF839BEE5D3}.Debug|x86.ActiveCfg = Debug|Any CPU
		{C89E7FED-D528-48EF-B4DE-1AF839BEE5D3}.Debug|x86.Build.0 = Debug|Any CPU
		{C89E7FED-D528-48EF-B4DE-1AF839BEE5D3}.Release|Any CPU.ActiveCfg = Release|Any CPU
		{C89E7FED-D528-48EF-B4DE-1AF839BEE5D3}.Release|Any CPU.Build.0 = Release|Any CPU
		{C89E7FED-D528-48EF-B4DE-1AF839BEE5D3}.Release|ARM.ActiveCfg = Release|Any CPU
		{C89E7FED-D528-48EF-B4DE-1AF839BEE5D3}.Release|ARM.Build.0 = Release|Any CPU
		{C89E7FED-D528-48EF-B4DE-1AF839BEE5D3}.Release|iPhone.ActiveCfg = Release|Any CPU
		{C89E7FED-D528-48EF-B4DE-1AF839BEE5D3}.Release|iPhone.Build.0 = Release|Any CPU
		{C89E7FED-D528-48EF-B4DE-1AF839BEE5D3}.Release|iPhoneSimulator.ActiveCfg = Release|Any CPU
		{C89E7FED-D528-48EF-B4DE-1AF839BEE5D3}.Release|iPhoneSimulator.Build.0 = Release|Any CPU
		{C89E7FED-D528-48EF-B4DE-1AF839BEE5D3}.Release|x64.ActiveCfg = Release|Any CPU
		{C89E7FED-D528-48EF-B4DE-1AF839BEE5D3}.Release|x64.Build.0 = Release|Any CPU
		{C89E7FED-D528-48EF-B4DE-1AF839BEE5D3}.Release|x86.ActiveCfg = Release|Any CPU
		{C89E7FED-D528-48EF-B4DE-1AF839BEE5D3}.Release|x86.Build.0 = Release|Any CPU
		{25BD2DBE-5A27-4BFA-8A36-EDC627FC2983}.Debug|Any CPU.ActiveCfg = Debug|x86
		{25BD2DBE-5A27-4BFA-8A36-EDC627FC2983}.Debug|ARM.ActiveCfg = Debug|ARM
		{25BD2DBE-5A27-4BFA-8A36-EDC627FC2983}.Debug|ARM.Build.0 = Debug|ARM
		{25BD2DBE-5A27-4BFA-8A36-EDC627FC2983}.Debug|ARM.Deploy.0 = Debug|ARM
		{25BD2DBE-5A27-4BFA-8A36-EDC627FC2983}.Debug|iPhone.ActiveCfg = Debug|x86
		{25BD2DBE-5A27-4BFA-8A36-EDC627FC2983}.Debug|iPhoneSimulator.ActiveCfg = Debug|x86
		{25BD2DBE-5A27-4BFA-8A36-EDC627FC2983}.Debug|x64.ActiveCfg = Debug|x64
		{25BD2DBE-5A27-4BFA-8A36-EDC627FC2983}.Debug|x64.Build.0 = Debug|x64
		{25BD2DBE-5A27-4BFA-8A36-EDC627FC2983}.Debug|x64.Deploy.0 = Debug|x64
		{25BD2DBE-5A27-4BFA-8A36-EDC627FC2983}.Debug|x86.ActiveCfg = Debug|x86
		{25BD2DBE-5A27-4BFA-8A36-EDC627FC2983}.Debug|x86.Build.0 = Debug|x86
		{25BD2DBE-5A27-4BFA-8A36-EDC627FC2983}.Debug|x86.Deploy.0 = Debug|x86
		{25BD2DBE-5A27-4BFA-8A36-EDC627FC2983}.Release|Any CPU.ActiveCfg = Release|x86
		{25BD2DBE-5A27-4BFA-8A36-EDC627FC2983}.Release|ARM.ActiveCfg = Release|ARM
		{25BD2DBE-5A27-4BFA-8A36-EDC627FC2983}.Release|ARM.Build.0 = Release|ARM
		{25BD2DBE-5A27-4BFA-8A36-EDC627FC2983}.Release|ARM.Deploy.0 = Release|ARM
		{25BD2DBE-5A27-4BFA-8A36-EDC627FC2983}.Release|iPhone.ActiveCfg = Release|x86
		{25BD2DBE-5A27-4BFA-8A36-EDC627FC2983}.Release|iPhoneSimulator.ActiveCfg = Release|x86
		{25BD2DBE-5A27-4BFA-8A36-EDC627FC2983}.Release|x64.ActiveCfg = Release|x64
		{25BD2DBE-5A27-4BFA-8A36-EDC627FC2983}.Release|x64.Build.0 = Release|x64
		{25BD2DBE-5A27-4BFA-8A36-EDC627FC2983}.Release|x64.Deploy.0 = Release|x64
		{25BD2DBE-5A27-4BFA-8A36-EDC627FC2983}.Release|x86.ActiveCfg = Release|x86
		{25BD2DBE-5A27-4BFA-8A36-EDC627FC2983}.Release|x86.Build.0 = Release|x86
		{25BD2DBE-5A27-4BFA-8A36-EDC627FC2983}.Release|x86.Deploy.0 = Release|x86
		{2BF5027E-79B3-4E65-AB8B-2029FBF15712}.Debug|Any CPU.ActiveCfg = Debug|Any CPU
		{2BF5027E-79B3-4E65-AB8B-2029FBF15712}.Debug|Any CPU.Build.0 = Debug|Any CPU
		{2BF5027E-79B3-4E65-AB8B-2029FBF15712}.Debug|Any CPU.Deploy.0 = Debug|Any CPU
		{2BF5027E-79B3-4E65-AB8B-2029FBF15712}.Debug|ARM.ActiveCfg = Debug|Any CPU
		{2BF5027E-79B3-4E65-AB8B-2029FBF15712}.Debug|ARM.Build.0 = Debug|Any CPU
		{2BF5027E-79B3-4E65-AB8B-2029FBF15712}.Debug|ARM.Deploy.0 = Debug|Any CPU
		{2BF5027E-79B3-4E65-AB8B-2029FBF15712}.Debug|iPhone.ActiveCfg = Debug|Any CPU
		{2BF5027E-79B3-4E65-AB8B-2029FBF15712}.Debug|iPhone.Build.0 = Debug|Any CPU
		{2BF5027E-79B3-4E65-AB8B-2029FBF15712}.Debug|iPhone.Deploy.0 = Debug|Any CPU
		{2BF5027E-79B3-4E65-AB8B-2029FBF15712}.Debug|iPhoneSimulator.ActiveCfg = Debug|Any CPU
		{2BF5027E-79B3-4E65-AB8B-2029FBF15712}.Debug|iPhoneSimulator.Build.0 = Debug|Any CPU
		{2BF5027E-79B3-4E65-AB8B-2029FBF15712}.Debug|iPhoneSimulator.Deploy.0 = Debug|Any CPU
		{2BF5027E-79B3-4E65-AB8B-2029FBF15712}.Debug|x64.ActiveCfg = Debug|Any CPU
		{2BF5027E-79B3-4E65-AB8B-2029FBF15712}.Debug|x64.Build.0 = Debug|Any CPU
		{2BF5027E-79B3-4E65-AB8B-2029FBF15712}.Debug|x64.Deploy.0 = Debug|Any CPU
		{2BF5027E-79B3-4E65-AB8B-2029FBF15712}.Debug|x86.ActiveCfg = Debug|Any CPU
		{2BF5027E-79B3-4E65-AB8B-2029FBF15712}.Debug|x86.Build.0 = Debug|Any CPU
		{2BF5027E-79B3-4E65-AB8B-2029FBF15712}.Debug|x86.Deploy.0 = Debug|Any CPU
		{2BF5027E-79B3-4E65-AB8B-2029FBF15712}.Release|Any CPU.ActiveCfg = Release|Any CPU
		{2BF5027E-79B3-4E65-AB8B-2029FBF15712}.Release|Any CPU.Build.0 = Release|Any CPU
		{2BF5027E-79B3-4E65-AB8B-2029FBF15712}.Release|Any CPU.Deploy.0 = Release|Any CPU
		{2BF5027E-79B3-4E65-AB8B-2029FBF15712}.Release|ARM.ActiveCfg = Release|Any CPU
		{2BF5027E-79B3-4E65-AB8B-2029FBF15712}.Release|ARM.Build.0 = Release|Any CPU
		{2BF5027E-79B3-4E65-AB8B-2029FBF15712}.Release|ARM.Deploy.0 = Release|Any CPU
		{2BF5027E-79B3-4E65-AB8B-2029FBF15712}.Release|iPhone.ActiveCfg = Release|Any CPU
		{2BF5027E-79B3-4E65-AB8B-2029FBF15712}.Release|iPhone.Build.0 = Release|Any CPU
		{2BF5027E-79B3-4E65-AB8B-2029FBF15712}.Release|iPhone.Deploy.0 = Release|Any CPU
		{2BF5027E-79B3-4E65-AB8B-2029FBF15712}.Release|iPhoneSimulator.ActiveCfg = Release|Any CPU
		{2BF5027E-79B3-4E65-AB8B-2029FBF15712}.Release|iPhoneSimulator.Build.0 = Release|Any CPU
		{2BF5027E-79B3-4E65-AB8B-2029FBF15712}.Release|iPhoneSimulator.Deploy.0 = Release|Any CPU
		{2BF5027E-79B3-4E65-AB8B-2029FBF15712}.Release|x64.ActiveCfg = Release|Any CPU
		{2BF5027E-79B3-4E65-AB8B-2029FBF15712}.Release|x64.Build.0 = Release|Any CPU
		{2BF5027E-79B3-4E65-AB8B-2029FBF15712}.Release|x64.Deploy.0 = Release|Any CPU
		{2BF5027E-79B3-4E65-AB8B-2029FBF15712}.Release|x86.ActiveCfg = Release|Any CPU
		{2BF5027E-79B3-4E65-AB8B-2029FBF15712}.Release|x86.Build.0 = Release|Any CPU
		{2BF5027E-79B3-4E65-AB8B-2029FBF15712}.Release|x86.Deploy.0 = Release|Any CPU
		{035657CD-51BF-4761-BEB3-FE7A5B2D8656}.Debug|Any CPU.ActiveCfg = Debug|iPhoneSimulator
		{035657CD-51BF-4761-BEB3-FE7A5B2D8656}.Debug|ARM.ActiveCfg = Debug|iPhoneSimulator
		{035657CD-51BF-4761-BEB3-FE7A5B2D8656}.Debug|iPhone.ActiveCfg = Debug|iPhone
		{035657CD-51BF-4761-BEB3-FE7A5B2D8656}.Debug|iPhone.Build.0 = Debug|iPhone
		{035657CD-51BF-4761-BEB3-FE7A5B2D8656}.Debug|iPhoneSimulator.ActiveCfg = Debug|iPhoneSimulator
		{035657CD-51BF-4761-BEB3-FE7A5B2D8656}.Debug|iPhoneSimulator.Build.0 = Debug|iPhoneSimulator
		{035657CD-51BF-4761-BEB3-FE7A5B2D8656}.Debug|x64.ActiveCfg = Debug|iPhoneSimulator
		{035657CD-51BF-4761-BEB3-FE7A5B2D8656}.Debug|x86.ActiveCfg = Debug|iPhoneSimulator
		{035657CD-51BF-4761-BEB3-FE7A5B2D8656}.Release|Any CPU.ActiveCfg = Release|iPhoneSimulator
		{035657CD-51BF-4761-BEB3-FE7A5B2D8656}.Release|ARM.ActiveCfg = Release|iPhoneSimulator
		{035657CD-51BF-4761-BEB3-FE7A5B2D8656}.Release|iPhone.ActiveCfg = Release|iPhone
		{035657CD-51BF-4761-BEB3-FE7A5B2D8656}.Release|iPhone.Build.0 = Release|iPhone
		{035657CD-51BF-4761-BEB3-FE7A5B2D8656}.Release|iPhoneSimulator.ActiveCfg = Release|iPhoneSimulator
		{035657CD-51BF-4761-BEB3-FE7A5B2D8656}.Release|iPhoneSimulator.Build.0 = Release|iPhoneSimulator
		{035657CD-51BF-4761-BEB3-FE7A5B2D8656}.Release|x64.ActiveCfg = Release|iPhoneSimulator
		{035657CD-51BF-4761-BEB3-FE7A5B2D8656}.Release|x86.ActiveCfg = Release|iPhoneSimulator
		{629E0536-A927-42E5-A6F9-8092F5F86E50}.Debug|Any CPU.ActiveCfg = Debug|Any CPU
		{629E0536-A927-42E5-A6F9-8092F5F86E50}.Debug|Any CPU.Build.0 = Debug|Any CPU
		{629E0536-A927-42E5-A6F9-8092F5F86E50}.Debug|ARM.ActiveCfg = Debug|Any CPU
		{629E0536-A927-42E5-A6F9-8092F5F86E50}.Debug|ARM.Build.0 = Debug|Any CPU
		{629E0536-A927-42E5-A6F9-8092F5F86E50}.Debug|iPhone.ActiveCfg = Debug|Any CPU
		{629E0536-A927-42E5-A6F9-8092F5F86E50}.Debug|iPhone.Build.0 = Debug|Any CPU
		{629E0536-A927-42E5-A6F9-8092F5F86E50}.Debug|iPhoneSimulator.ActiveCfg = Debug|Any CPU
		{629E0536-A927-42E5-A6F9-8092F5F86E50}.Debug|iPhoneSimulator.Build.0 = Debug|Any CPU
		{629E0536-A927-42E5-A6F9-8092F5F86E50}.Debug|x64.ActiveCfg = Debug|Any CPU
		{629E0536-A927-42E5-A6F9-8092F5F86E50}.Debug|x64.Build.0 = Debug|Any CPU
		{629E0536-A927-42E5-A6F9-8092F5F86E50}.Debug|x86.ActiveCfg = Debug|Any CPU
		{629E0536-A927-42E5-A6F9-8092F5F86E50}.Debug|x86.Build.0 = Debug|Any CPU
		{629E0536-A927-42E5-A6F9-8092F5F86E50}.Release|Any CPU.ActiveCfg = Release|Any CPU
		{629E0536-A927-42E5-A6F9-8092F5F86E50}.Release|Any CPU.Build.0 = Release|Any CPU
		{629E0536-A927-42E5-A6F9-8092F5F86E50}.Release|ARM.ActiveCfg = Release|Any CPU
		{629E0536-A927-42E5-A6F9-8092F5F86E50}.Release|ARM.Build.0 = Release|Any CPU
		{629E0536-A927-42E5-A6F9-8092F5F86E50}.Release|iPhone.ActiveCfg = Release|Any CPU
		{629E0536-A927-42E5-A6F9-8092F5F86E50}.Release|iPhone.Build.0 = Release|Any CPU
		{629E0536-A927-42E5-A6F9-8092F5F86E50}.Release|iPhoneSimulator.ActiveCfg = Release|Any CPU
		{629E0536-A927-42E5-A6F9-8092F5F86E50}.Release|iPhoneSimulator.Build.0 = Release|Any CPU
		{629E0536-A927-42E5-A6F9-8092F5F86E50}.Release|x64.ActiveCfg = Release|Any CPU
		{629E0536-A927-42E5-A6F9-8092F5F86E50}.Release|x64.Build.0 = Release|Any CPU
		{629E0536-A927-42E5-A6F9-8092F5F86E50}.Release|x86.ActiveCfg = Release|Any CPU
		{629E0536-A927-42E5-A6F9-8092F5F86E50}.Release|x86.Build.0 = Release|Any CPU
	EndGlobalSection
	GlobalSection(SolutionProperties) = preSolution
		HideSolutionNode = FALSE
	EndGlobalSection
	GlobalSection(NestedProjects) = preSolution
		{C89E7FED-D528-48EF-B4DE-1AF839BEE5D3} = {359A66C1-D5D1-4889-8740-182C2C908785}
		{25BD2DBE-5A27-4BFA-8A36-EDC627FC2983} = {467CC70E-44BB-4325-AF1E-1B703D92D823}
		{2BF5027E-79B3-4E65-AB8B-2029FBF15712} = {467CC70E-44BB-4325-AF1E-1B703D92D823}
		{035657CD-51BF-4761-BEB3-FE7A5B2D8656} = {467CC70E-44BB-4325-AF1E-1B703D92D823}
		{629E0536-A927-42E5-A6F9-8092F5F86E50} = {467CC70E-44BB-4325-AF1E-1B703D92D823}
	EndGlobalSection
	GlobalSection(ExtensibilityGlobals) = postSolution
		SolutionGuid = {56A25ECE-0759-4FD7-BA9C-5B268F5CEFE6}
	EndGlobalSection
EndGlobal
